
Microsoft Visual Studio Solution File, Format Version 12.00
# Visual Studio 2012
Project("{FAE04EC0-301F-11D3-BF4B-00C04F79EFBC}") = "ConsoleApplication1", "ConsoleApplication1\ConsoleApplication1.csproj", "{11118158-EC61-4008-8EDB-5F4D63F179D4}"
EndProject
Project("{FAE04EC0-301F-11D3-BF4B-00C04F79EFBC}") = "CoreTests", "CoreTests\CoreTests.csproj", "{21E91E9F-955E-4689-868E-DC8BFAB10CC5}"
EndProject
Project("{2150E333-8FDC-42A3-9474-1A3956D46DE8}") = "Solution Items", "Solution Items", "{5CB23C2F-3738-46D9-A38F-B9A1EE51F6CE}"
	ProjectSection(SolutionItems) = preProject
		ItemsSoft.vsmdi = ItemsSoft.vsmdi
		Local.testsettings = Local.testsettings
		TraceAndTestImpact.testsettings = TraceAndTestImpact.testsettings
	EndProjectSection
EndProject
Project("{FAE04EC0-301F-11D3-BF4B-00C04F79EFBC}") = "ItemSoft", "ItemSoft\ItemSoft.csproj", "{470BE5DE-3A35-4DBA-A93D-11DDC0425F2E}"
EndProject
Project("{2150E333-8FDC-42A3-9474-1A3956D46DE8}") = "Dependencies", "Dependencies", "{98A4BC20-97E1-42B2-8CA9-7EFDCA1ECC6A}"
	ProjectSection(SolutionItems) = preProject
		Dependencies\ICSharpCode.SharpZipLib.dll = Dependencies\ICSharpCode.SharpZipLib.dll
	EndProjectSection
EndProject
Project("{2150E333-8FDC-42A3-9474-1A3956D46DE8}") = "Tests", "Tests", "{B11A0986-A792-4938-BAD1-B6EC0C4BF9D9}"
EndProject
Global
	GlobalSection(TestCaseManagementSettings) = postSolution
		CategoryFile = ItemsSoft.vsmdi
	EndGlobalSection
	GlobalSection(SolutionConfigurationPlatforms) = preSolution
		Debug|Any CPU = Debug|Any CPU
		Debug|Mixed Platforms = Debug|Mixed Platforms
		Debug|x86 = Debug|x86
		Release|Any CPU = Release|Any CPU
		Release|Mixed Platforms = Release|Mixed Platforms
		Release|x86 = Release|x86
	EndGlobalSection
	GlobalSection(ProjectConfigurationPlatforms) = postSolution
		{11118158-EC61-4008-8EDB-5F4D63F179D4}.Debug|Any CPU.ActiveCfg = Debug|x86
		{11118158-EC61-4008-8EDB-5F4D63F179D4}.Debug|Mixed Platforms.ActiveCfg = Debug|x86
		{11118158-EC61-4008-8EDB-5F4D63F179D4}.Debug|Mixed Platforms.Build.0 = Debug|x86
		{11118158-EC61-4008-8EDB-5F4D63F179D4}.Debug|x86.ActiveCfg = Debug|x86
		{11118158-EC61-4008-8EDB-5F4D63F179D4}.Debug|x86.Build.0 = Debug|x86
		{11118158-EC61-4008-8EDB-5F4D63F179D4}.Release|Any CPU.ActiveCfg = Release|x86
		{11118158-EC61-4008-8EDB-5F4D63F179D4}.Release|Mixed Platforms.ActiveCfg = Release|x86
		{11118158-EC61-4008-8EDB-5F4D63F179D4}.Release|Mixed Platforms.Build.0 = Release|x86
		{11118158-EC61-4008-8EDB-5F4D63F179D4}.Release|x86.ActiveCfg = Release|x86
		{11118158-EC61-4008-8EDB-5F4D63F179D4}.Release|x86.Build.0 = Release|x86
		{21E91E9F-955E-4689-868E-DC8BFAB10CC5}.Debug|Any CPU.ActiveCfg = Debug|Any CPU
		{21E91E9F-955E-4689-868E-DC8BFAB10CC5}.Debug|Any CPU.Build.0 = Debug|Any CPU
		{21E91E9F-955E-4689-868E-DC8BFAB10CC5}.Debug|Mixed Platforms.ActiveCfg = Debug|Any CPU
		{21E91E9F-955E-4689-868E-DC8BFAB10CC5}.Debug|Mixed Platforms.Build.0 = Debug|Any CPU
		{21E91E9F-955E-4689-868E-DC8BFAB10CC5}.Debug|x86.ActiveCfg = Debug|Any CPU
		{21E91E9F-955E-4689-868E-DC8BFAB10CC5}.Release|Any CPU.ActiveCfg = Release|Any CPU
		{21E91E9F-955E-4689-868E-DC8BFAB10CC5}.Release|Any CPU.Build.0 = Release|Any CPU
		{21E91E9F-955E-4689-868E-DC8BFAB10CC5}.Release|Mixed Platforms.ActiveCfg = Release|Any CPU
		{21E91E9F-955E-4689-868E-DC8BFAB10CC5}.Release|Mixed Platforms.Build.0 = Release|Any CPU
		{21E91E9F-955E-4689-868E-DC8BFAB10CC5}.Release|x86.ActiveCfg = Release|Any CPU
		{470BE5DE-3A35-4DBA-A93D-11DDC0425F2E}.Debug|Any CPU.ActiveCfg = Debug|Any CPU
		{470BE5DE-3A35-4DBA-A93D-11DDC0425F2E}.Debug|Any CPU.Build.0 = Debug|Any CPU
		{470BE5DE-3A35-4DBA-A93D-11DDC0425F2E}.Debug|Mixed Platforms.ActiveCfg = Debug|Any CPU
		{470BE5DE-3A35-4DBA-A93D-11DDC0425F2E}.Debug|Mixed Platforms.Build.0 = Debug|Any CPU
		{470BE5DE-3A35-4DBA-A93D-11DDC0425F2E}.Debug|x86.ActiveCfg = Debug|Any CPU
		{470BE5DE-3A35-4DBA-A93D-11DDC0425F2E}.Release|Any CPU.ActiveCfg = Release|Any CPU
		{470BE5DE-3A35-4DBA-A93D-11DDC0425F2E}.Release|Any CPU.Build.0 = Release|Any CPU
		{470BE5DE-3A35-4DBA-A93D-11DDC0425F2E}.Release|Mixed Platforms.ActiveCfg = Release|Any CPU
		{470BE5DE-3A35-4DBA-A93D-11DDC0425F2E}.Release|Mixed Platforms.Build.0 = Release|Any CPU
		{470BE5DE-3A35-4DBA-A93D-11DDC0425F2E}.Release|x86.ActiveCfg = Release|Any CPU
	EndGlobalSection
	GlobalSection(SolutionProperties) = preSolution
		HideSolutionNode = FALSE
	EndGlobalSection
	GlobalSection(NestedProjects) = preSolution
		{21E91E9F-955E-4689-868E-DC8BFAB10CC5} = {B11A0986-A792-4938-BAD1-B6EC0C4BF9D9}
	EndGlobalSection
	GlobalSection(ExtensibilityGlobals) = postSolution
		EnterpriseLibraryConfigurationToolBinariesPath = packages\Unity.2.1.505.2\lib\NET35
	EndGlobalSection
EndGlobal
